# THIS IS AN AUTOGENERATED FILE. DO NOT EDIT THIS FILE DIRECTLY.
# yarn lockfile v1


"@babel/runtime@^7.16.3", "@babel/runtime@^7.16.7":
  version "7.16.7"
  resolved "https://registry.yarnpkg.com/@babel/runtime/-/runtime-7.16.7.tgz#03ff99f64106588c9c403c6ecb8c3bafbbdff1fa"
  integrity sha512-9E9FJowqAsytyOY6LG+1KuueckRL+aQW+mKvXRXnuFGyRAyepJPmEo9vgMfXUA6O9u3IeEdv9MAkppFcaQwogQ==
  dependencies:
    regenerator-runtime "^0.13.4"

"@noble/hashes@0.5.7":
  version "0.5.7"
  resolved "https://registry.yarnpkg.com/@noble/hashes/-/hashes-0.5.7.tgz#8605d84b34daf43d15c344fae54f0a1d5d5a4632"
  integrity sha512-R9PPYv7TqoYi+enikzZvwRQesGTxR0+jwqzZJGL0uNcf2NFL+lt/uvCCewtXXmr6jWBxiMuNjBfJwKv9UJaCng==

"@noble/secp256k1@1.3.4":
  version "1.3.4"
  resolved "https://registry.yarnpkg.com/@noble/secp256k1/-/secp256k1-1.3.4.tgz#158ded712d09237c0d3428be60dc01ce8ebab9fb"
  integrity sha512-ZVRouDO5mbdCiDg4zCd3ZZABduRtpy4tCnB33Gh9upHe9tRzpiqbRSN1VTjrj/2g8u2c6MBi0YLNnNQpBYOiWg==

"@pinata/sdk@^1.1.23":
  version "1.1.23"
  resolved "https://registry.yarnpkg.com/@pinata/sdk/-/sdk-1.1.23.tgz#91d7e289a29f514ee35d8d2ad62f8ef891b57ea0"
  integrity sha512-ZIQI6acEu2m3tuLW9UCUNVgqbHc5U+t657ukunamV0E8XcW639vgtGa5rd5C/9mVIxoWpp5CJ9q7FA1OT88huQ==
  dependencies:
    axios "^0.21.1"
    base-path-converter "^1.0.2"
    form-data "^2.3.3"
    is-ipfs "^0.6.0"
    recursive-fs "^1.1.2"

"@polkadot/api-augment@7.5.1":
  version "7.5.1"
  resolved "https://registry.yarnpkg.com/@polkadot/api-augment/-/api-augment-7.5.1.tgz#e23acadfb51af4c858f144d25f9354cea35989a7"
  integrity sha512-2sj+D8gvyo9ijqFFqJS5meaMVRllr5fWnE440nACsXIbcbHuXRWAF9tWdhESOIfue7hlFLo5plDdRfU7cSjIZQ==
  dependencies:
    "@babel/runtime" "^7.16.7"
    "@polkadot/api-base" "7.5.1"
    "@polkadot/rpc-augment" "7.5.1"
    "@polkadot/types" "7.5.1"
    "@polkadot/types-augment" "7.5.1"
    "@polkadot/types-codec" "7.5.1"
    "@polkadot/util" "^8.3.3"

"@polkadot/api-base@7.5.1":
  version "7.5.1"
  resolved "https://registry.yarnpkg.com/@polkadot/api-base/-/api-base-7.5.1.tgz#001a5b40af15e3a3be150fe0d57533b2ee4cc790"
  integrity sha512-vqMjmMOQuYLSwfTHTgmvPBtF6eAgrlyuBw0t0IiaTDfjP6xRRGMDIVb7lJCqvYL0VrHmTC7X5MVbJn1SNUut9w==
  dependencies:
    "@babel/runtime" "^7.16.7"
    "@polkadot/rpc-core" "7.5.1"
    "@polkadot/types" "7.5.1"
    "@polkadot/util" "^8.3.3"
    rxjs "^7.5.2"

"@polkadot/api-derive@7.5.1":
  version "7.5.1"
  resolved "https://registry.yarnpkg.com/@polkadot/api-derive/-/api-derive-7.5.1.tgz#a8ec483896ddf4532ec9b3551050f417a39c8009"
  integrity sha512-O4x/DG+sSWgbXYGuYm4d3iYMTv5WTzoX5HX/xAIG+H+g7ob5RDdyLW9oQowrOX9ZOKt1cHPbHi0dLj+hDOD1CQ==
  dependencies:
    "@babel/runtime" "^7.16.7"
    "@polkadot/api" "7.5.1"
    "@polkadot/api-augment" "7.5.1"
    "@polkadot/api-base" "7.5.1"
    "@polkadot/rpc-core" "7.5.1"
    "@polkadot/types" "7.5.1"
    "@polkadot/types-codec" "7.5.1"
    "@polkadot/util" "^8.3.3"
    "@polkadot/util-crypto" "^8.3.3"
    rxjs "^7.5.2"

"@polkadot/api@7.5.1", "@polkadot/api@^7.5.1":
  version "7.5.1"
  resolved "https://registry.yarnpkg.com/@polkadot/api/-/api-7.5.1.tgz#c8f67b2669303ea2fbf017521f94568fd97d0876"
  integrity sha512-/3AI4Kbznt289+swtiFEYiX+XR9d+qzHhL8XxEzcqQudw2ElrfpLTAx3RzTUEEeEfwwPGmNVWPWaG4egUPsosQ==
  dependencies:
    "@babel/runtime" "^7.16.7"
    "@polkadot/api-augment" "7.5.1"
    "@polkadot/api-base" "7.5.1"
    "@polkadot/api-derive" "7.5.1"
    "@polkadot/keyring" "^8.3.3"
    "@polkadot/rpc-augment" "7.5.1"
    "@polkadot/rpc-core" "7.5.1"
    "@polkadot/rpc-provider" "7.5.1"
    "@polkadot/types" "7.5.1"
    "@polkadot/types-augment" "7.5.1"
    "@polkadot/types-codec" "7.5.1"
    "@polkadot/types-create" "7.5.1"
    "@polkadot/types-known" "7.5.1"
    "@polkadot/util" "^8.3.3"
    "@polkadot/util-crypto" "^8.3.3"
    eventemitter3 "^4.0.7"
    rxjs "^7.5.2"

"@polkadot/keyring@^8.3.3":
  version "8.3.3"
  resolved "https://registry.yarnpkg.com/@polkadot/keyring/-/keyring-8.3.3.tgz#931c809f9a3b092231b2d319007e02e64bec8f21"
  integrity sha512-TgoIpaTqn7voT7lDu5W6p0Z+216OImpqtHuaiFy125ekCQurrf9BVIdwp56y5qoFLDAZ5i9gnWHMIgOQ6AJj/Q==
  dependencies:
    "@babel/runtime" "^7.16.7"
    "@polkadot/util" "8.3.3"
    "@polkadot/util-crypto" "8.3.3"

"@polkadot/networks@8.3.3", "@polkadot/networks@^8.3.3":
  version "8.3.3"
  resolved "https://registry.yarnpkg.com/@polkadot/networks/-/networks-8.3.3.tgz#2def73213451f12bc940b0c9ce8942aebbe5d4a8"
  integrity sha512-yj0DMqmzRZbvgaoZztV3/RPgYJjBhT17Dhu+FX/LUJzVbAF/RfjkzNsJT4Ta4kLDxQMYZq1avUac0ia2j9NcNw==
  dependencies:
    "@babel/runtime" "^7.16.7"
    "@polkadot/util" "8.3.3"

"@polkadot/rpc-augment@7.5.1":
  version "7.5.1"
  resolved "https://registry.yarnpkg.com/@polkadot/rpc-augment/-/rpc-augment-7.5.1.tgz#950852757470e5946f6c6633582ef5063c9ef5d2"
  integrity sha512-LPTDjtBZJe5KIOErOW+h2HY85G57WZVOiwm+SOgJ6J5g+BnUD0Rv+VH9pGC8dfoUsYBHSSvFELLnoTIZw6jltg==
  dependencies:
    "@babel/runtime" "^7.16.7"
    "@polkadot/rpc-core" "7.5.1"
    "@polkadot/types" "7.5.1"
    "@polkadot/types-codec" "7.5.1"
    "@polkadot/util" "^8.3.3"

"@polkadot/rpc-core@7.5.1":
  version "7.5.1"
  resolved "https://registry.yarnpkg.com/@polkadot/rpc-core/-/rpc-core-7.5.1.tgz#447a662a7ee401eb6c5b82fea2daa08c313b1a98"
  integrity sha512-/UN7fQSqGnyjd5W0fFZ2RDBxAYoS8UreIea0eu+Zz4t6D2Fjp1syHNkw710wuv6ALhaRUjW6USO8XNSHDBIz+w==
  dependencies:
    "@babel/runtime" "^7.16.7"
    "@polkadot/rpc-augment" "7.5.1"
    "@polkadot/rpc-provider" "7.5.1"
    "@polkadot/types" "7.5.1"
    "@polkadot/util" "^8.3.3"
    rxjs "^7.5.2"

"@polkadot/rpc-provider@7.5.1":
  version "7.5.1"
  resolved "https://registry.yarnpkg.com/@polkadot/rpc-provider/-/rpc-provider-7.5.1.tgz#313af05a0a55a98bd1251d10d8604c71bd24a8db"
  integrity sha512-6t5PyEDFBYJiK1/oegQkET4DnKdfk/mskELOVflDd4sLN+mXSAUW4DvS+KiVldHfUBtMQqX/w3p7x26xmWjmqQ==
  dependencies:
    "@babel/runtime" "^7.16.7"
    "@polkadot/keyring" "^8.3.3"
    "@polkadot/types" "7.5.1"
    "@polkadot/types-support" "7.5.1"
    "@polkadot/util" "^8.3.3"
    "@polkadot/util-crypto" "^8.3.3"
    "@polkadot/x-fetch" "^8.3.3"
    "@polkadot/x-global" "^8.3.3"
    "@polkadot/x-ws" "^8.3.3"
    eventemitter3 "^4.0.7"
    mock-socket "^9.1.0"
    nock "^13.2.2"

"@polkadot/types-augment@7.5.1":
  version "7.5.1"
  resolved "https://registry.yarnpkg.com/@polkadot/types-augment/-/types-augment-7.5.1.tgz#1712fcb8409873499f08157ecac0026867238747"
  integrity sha512-YWXYfc0a2AOb2naG2uWAHkTuGvfPz8hrKv3UMTWUrCok/kVbUovqSXoBAORaX+tphpaKbEuBnBtBhk2cXP6KWA==
  dependencies:
    "@babel/runtime" "^7.16.7"
    "@polkadot/types" "7.5.1"
    "@polkadot/types-codec" "7.5.1"
    "@polkadot/util" "^8.3.3"

"@polkadot/types-codec@7.5.1":
  version "7.5.1"
  resolved "https://registry.yarnpkg.com/@polkadot/types-codec/-/types-codec-7.5.1.tgz#23ffe0da0246f926341d1cd5acf1ef8c37052b2f"
  integrity sha512-+MClbgg0sbEIsPnqVf1wVzR5qPCE5Xb+QXkwawx86mIyxb4eptdBnU0CFgHVcrNnKx6EcaUZWQgz17UxtmTWaA==
  dependencies:
    "@babel/runtime" "^7.16.7"
    "@polkadot/util" "^8.3.3"

"@polkadot/types-create@7.5.1":
  version "7.5.1"
  resolved "https://registry.yarnpkg.com/@polkadot/types-create/-/types-create-7.5.1.tgz#bced4ed0b26c5aa802dae406306049187dee4d20"
  integrity sha512-OCsdDp4vd/6yNThTEmjbndHks4VHlfeuNwcQQN2NcM4Gs072LnuDTbRgFHAqvcSKB0SVOiWoy/UxkktLE+0w2Q==
  dependencies:
    "@babel/runtime" "^7.16.7"
    "@polkadot/types-codec" "7.5.1"
    "@polkadot/util" "^8.3.3"

"@polkadot/types-known@7.5.1":
  version "7.5.1"
  resolved "https://registry.yarnpkg.com/@polkadot/types-known/-/types-known-7.5.1.tgz#1b61091bb9fd1a731dd5bcb64fd36ea7aeb89a86"
  integrity sha512-mECocUHbvb/ly5KOu+nKfqXAEKzYxkflO4xQflaEpcCIxtqBmy8AXSvyD8Dl5LFrBwHqnRbtXaPETCOYn1LWPg==
  dependencies:
    "@babel/runtime" "^7.16.7"
    "@polkadot/networks" "^8.3.3"
    "@polkadot/types" "7.5.1"
    "@polkadot/types-codec" "7.5.1"
    "@polkadot/types-create" "7.5.1"
    "@polkadot/util" "^8.3.3"

"@polkadot/types-support@7.5.1":
  version "7.5.1"
  resolved "https://registry.yarnpkg.com/@polkadot/types-support/-/types-support-7.5.1.tgz#a8deabc09d301e152c60aba825103dba0748f685"
  integrity sha512-6LrYMQVF6G9+r1mnYpSGX6irN0eG5OQQRb2YXX4wtYT3JIU+G9EK0NjLngSDf0KMMm80aD0hFKYF0DcuQSGk+A==
  dependencies:
    "@babel/runtime" "^7.16.7"
    "@polkadot/util" "^8.3.3"

"@polkadot/types@7.5.1":
  version "7.5.1"
  resolved "https://registry.yarnpkg.com/@polkadot/types/-/types-7.5.1.tgz#1bb1fc33da97bb349e3e449b091ac54c714141f2"
  integrity sha512-71KY3Ia8AZywb0wWP0F588qFJbQMcgZqqP/dw6RP1A5ja2pR5SnqRP/zcaSena1cm9f24rAxgxiluOzzJxrfsA==
  dependencies:
    "@babel/runtime" "^7.16.7"
    "@polkadot/keyring" "^8.3.3"
    "@polkadot/types-augment" "7.5.1"
    "@polkadot/types-codec" "7.5.1"
    "@polkadot/types-create" "7.5.1"
    "@polkadot/util" "^8.3.3"
    "@polkadot/util-crypto" "^8.3.3"
    rxjs "^7.5.2"

"@polkadot/util-crypto@8.3.3", "@polkadot/util-crypto@^8.3.3":
  version "8.3.3"
  resolved "https://registry.yarnpkg.com/@polkadot/util-crypto/-/util-crypto-8.3.3.tgz#684a04c26bd390a150e83fe34840d9e219a22d24"
  integrity sha512-kXaT2VTEbJq1wNiV0Dz5qJuVWy7pK+x1QLcyWC+6OFERYO+BCp1Y2bTOcLUeF/gyyR/ZaRMMdTyu0ZbHrwH0xg==
  dependencies:
    "@babel/runtime" "^7.16.7"
    "@noble/hashes" "0.5.7"
    "@noble/secp256k1" "1.3.4"
    "@polkadot/networks" "8.3.3"
    "@polkadot/util" "8.3.3"
    "@polkadot/wasm-crypto" "^4.5.1"
    "@polkadot/x-bigint" "8.3.3"
    "@polkadot/x-randomvalues" "8.3.3"
    ed2curve "^0.3.0"
    micro-base "^0.10.2"
    tweetnacl "^1.0.3"

"@polkadot/util@8.3.3", "@polkadot/util@^8.3.3":
  version "8.3.3"
  resolved "https://registry.yarnpkg.com/@polkadot/util/-/util-8.3.3.tgz#0bd79f771a82a8276b0ca0e713068d23ee53abf2"
  integrity sha512-8u1NShSHrCFeFvxWL8WAyRN8y1/iPvijqYCDeeHziBxCNBrL3VKDc9GNF11skeay/EKQiCHBSBeAYyyQOpLebA==
  dependencies:
    "@babel/runtime" "^7.16.7"
    "@polkadot/x-bigint" "8.3.3"
    "@polkadot/x-global" "8.3.3"
    "@polkadot/x-textdecoder" "8.3.3"
    "@polkadot/x-textencoder" "8.3.3"
    "@types/bn.js" "^4.11.6"
    bn.js "^4.12.0"
    ip-regex "^4.3.0"

"@polkadot/wasm-crypto-asmjs@^4.5.1":
  version "4.5.1"
  resolved "https://registry.yarnpkg.com/@polkadot/wasm-crypto-asmjs/-/wasm-crypto-asmjs-4.5.1.tgz#e1025a49e106db11d1187caf65f56c960ea2ad2b"
  integrity sha512-DOdRiWhxVvmqTvp+E9z1j+Yr0zDOGsDvqnT/eNw0Dl1FVUOImsEa7FKns/urASmcxCVEE1jtUWSnij29jrORMQ==
  dependencies:
    "@babel/runtime" "^7.16.3"

"@polkadot/wasm-crypto-wasm@^4.5.1":
  version "4.5.1"
  resolved "https://registry.yarnpkg.com/@polkadot/wasm-crypto-wasm/-/wasm-crypto-wasm-4.5.1.tgz#063a58ff7ddd939b7886a6a238109a8d2c416e46"
  integrity sha512-hPwke85HxpgG/RAlwdCE8u5w7bThvWg399mlB+XjogXMxOUWBZSgq2XYbgzROUXx27inK9nStF4Pnc4zJnqs9A==
  dependencies:
    "@babel/runtime" "^7.16.3"

"@polkadot/wasm-crypto@^4.5.1":
  version "4.5.1"
  resolved "https://registry.yarnpkg.com/@polkadot/wasm-crypto/-/wasm-crypto-4.5.1.tgz#e1ac6d846a0ad8e991cec128994524183ef6e8fd"
  integrity sha512-Cr21ais3Kq3aedIHZ3J1tjgeD/+K8FCiwEawr0oRywNBSJR8wyuZMePs4swR/6xm8wbBkpqoBVHz/UQHqqQJmA==
  dependencies:
    "@babel/runtime" "^7.16.3"
    "@polkadot/wasm-crypto-asmjs" "^4.5.1"
    "@polkadot/wasm-crypto-wasm" "^4.5.1"

"@polkadot/x-bigint@8.3.3":
  version "8.3.3"
  resolved "https://registry.yarnpkg.com/@polkadot/x-bigint/-/x-bigint-8.3.3.tgz#3787c4cbfc996bda05c342a80c04bd58a1beaf4b"
  integrity sha512-2CT25f0zN/uhch3KpM38jtQfFJ1zJCNT41exg49ztsOvm4f6l+6hW91NLhNAZ313B/c6Z4Lm3DalsjAOdBZ8Nw==
  dependencies:
    "@babel/runtime" "^7.16.7"
    "@polkadot/x-global" "8.3.3"

"@polkadot/x-fetch@^8.3.3":
  version "8.3.3"
  resolved "https://registry.yarnpkg.com/@polkadot/x-fetch/-/x-fetch-8.3.3.tgz#8c81b928868efd573219c231b25f0bcc38107a1b"
  integrity sha512-+ScnWnt0i1IF+fM9IC+OnjkTi5NonK+ji8q861hwkNCtK2ziibibcD3mGavCA6wZvij4wUTovWEsTc5Su0+KTA==
  dependencies:
    "@babel/runtime" "^7.16.7"
    "@polkadot/x-global" "8.3.3"
    "@types/node-fetch" "^2.5.12"
    node-fetch "^2.6.7"

"@polkadot/x-global@8.3.3", "@polkadot/x-global@^8.3.3":
  version "8.3.3"
  resolved "https://registry.yarnpkg.com/@polkadot/x-global/-/x-global-8.3.3.tgz#ee2f4a0acd46626bc04174e1bf966478a2feef94"
  integrity sha512-7DWjcNhTDIpYNiQmLq56o6xYOONr0i6WXdoPUxYrToxZWeWyj/FWaYMfttedLydABPcy87lmvIy8ECp7qCcnyw==
  dependencies:
    "@babel/runtime" "^7.16.7"

"@polkadot/x-randomvalues@8.3.3":
  version "8.3.3"
  resolved "https://registry.yarnpkg.com/@polkadot/x-randomvalues/-/x-randomvalues-8.3.3.tgz#29f855d903fdcac1cb42cacbbc85ca5db7eaccd8"
  integrity sha512-yxM6GWQholf+vY4dHxKVwtJwDzNUz4UJlL/iN3PA0cuhQ37gxmtJugnNAllcFd8LDNXEN47Ky6Ifw1OHHmZaVw==
  dependencies:
    "@babel/runtime" "^7.16.7"
    "@polkadot/x-global" "8.3.3"

"@polkadot/x-textdecoder@8.3.3":
  version "8.3.3"
  resolved "https://registry.yarnpkg.com/@polkadot/x-textdecoder/-/x-textdecoder-8.3.3.tgz#d2ef1c63c712f015489025eb95e01a466a5614a7"
  integrity sha512-oEvFJv/F+fQ336ciRuJJgJFtfyOX6a2Nyr/5GCkiSQjkEIdnBUuO49yXpHNmQsNI0WndLWIEitiVVa9KuDslYw==
  dependencies:
    "@babel/runtime" "^7.16.7"
    "@polkadot/x-global" "8.3.3"

"@polkadot/x-textencoder@8.3.3":
  version "8.3.3"
  resolved "https://registry.yarnpkg.com/@polkadot/x-textencoder/-/x-textencoder-8.3.3.tgz#f59bf164fcd5ca9899c61065f36911cabec7c9f8"
  integrity sha512-acVsJjmlQ7aluUq8JARY2wJAbf+6dvZNoUrvgzdX/jl5MqvqeIXmX3LX71MyidLt27Z537VDgNzWw8V/524AVQ==
  dependencies:
    "@babel/runtime" "^7.16.7"
    "@polkadot/x-global" "8.3.3"

"@polkadot/x-ws@^8.3.3":
  version "8.3.3"
  resolved "https://registry.yarnpkg.com/@polkadot/x-ws/-/x-ws-8.3.3.tgz#ab06d87637cb9b86fa341cc95e52f06cc4265d74"
  integrity sha512-Dd0kscZSb7MULVqo5isPZyqvErvgE7lYIwZ4IA0rNdgUWi3mrJWeeWrzVMxC6nbg6q1ahIEGxxZLMVzeI3u/Ew==
  dependencies:
    "@babel/runtime" "^7.16.7"
    "@polkadot/x-global" "8.3.3"
    "@types/websocket" "^1.0.4"
    websocket "^1.0.34"

"@types/bn.js@^4.11.6":
  version "4.11.6"
  resolved "https://registry.yarnpkg.com/@types/bn.js/-/bn.js-4.11.6.tgz#c306c70d9358aaea33cd4eda092a742b9505967c"
  integrity sha512-pqr857jrp2kPuO9uRjZ3PwnJTjoQy+fcdxvBTvHm6dkmEL9q+hDD/2j/0ELOBPtPnS8LjCX0gI9nbl8lVkadpg==
  dependencies:
    "@types/node" "*"

"@types/node-fetch@^2.5.12":
  version "2.5.12"
  resolved "https://registry.yarnpkg.com/@types/node-fetch/-/node-fetch-2.5.12.tgz#8a6f779b1d4e60b7a57fb6fd48d84fb545b9cc66"
  integrity sha512-MKgC4dlq4kKNa/mYrwpKfzQMB5X3ee5U6fSprkKpToBqBmX4nFZL9cW5jl6sWn+xpRJ7ypWh2yyqqr8UUCstSw==
  dependencies:
    "@types/node" "*"
    form-data "^3.0.0"

"@types/node@*", "@types/node@^17.0.13":
  version "17.0.13"
  resolved "https://registry.yarnpkg.com/@types/node/-/node-17.0.13.tgz#5ed7ed7c662948335fcad6c412bb42d99ea754e3"
  integrity sha512-Y86MAxASe25hNzlDbsviXl8jQHb0RDvKt4c40ZJQ1Don0AAL0STLZSs4N+6gLEO55pedy7r2cLwS+ZDxPm/2Bw==

"@types/websocket@^1.0.4":
  version "1.0.5"
  resolved "https://registry.yarnpkg.com/@types/websocket/-/websocket-1.0.5.tgz#3fb80ed8e07f88e51961211cd3682a3a4a81569c"
  integrity sha512-NbsqiNX9CnEfC1Z0Vf4mE1SgAJ07JnRYcNex7AJ9zAVzmiGHmjKFEk7O4TJIsgv2B1sLEb6owKFZrACwdYngsQ==
  dependencies:
    "@types/node" "*"

ansi-escapes@^4.2.1:
  version "4.3.2"
  resolved "https://registry.yarnpkg.com/ansi-escapes/-/ansi-escapes-4.3.2.tgz#6b2291d1db7d98b6521d5f1efa42d0f3a9feb65e"
  integrity sha512-gKXj5ALrKWQLsYG9jlTRmR/xKluxHV+Z9QEwNIgCfM1/uwPMCuzVVnh5mwTd+OuBZcwSIMbqssNWRm1lE51QaQ==
  dependencies:
    type-fest "^0.21.3"

ansi-regex@^5.0.1:
  version "5.0.1"
  resolved "https://registry.yarnpkg.com/ansi-regex/-/ansi-regex-5.0.1.tgz#082cb2c89c9fe8659a311a53bd6a4dc5301db304"
  integrity sha512-quJQXlTSUGL2LH9SUXo8VwsY4soanhgo6LNSm84E1LBcE8s3O0wpdiRzyR9z/ZZJMlMWv37qOOb9pdJlMUEKFQ==

ansi-styles@^4.1.0:
  version "4.3.0"
  resolved "https://registry.yarnpkg.com/ansi-styles/-/ansi-styles-4.3.0.tgz#edd803628ae71c04c85ae7a0906edad34b648937"
  integrity sha512-zbB9rCJAT1rbjiVDb2hqKFHNYLxgtk8NURxZ3IZwD3F6NtxbXZQCnnSi1Lkx+IDohdPlFp222wVALIheZJQSEg==
  dependencies:
    color-convert "^2.0.1"

asynckit@^0.4.0:
  version "0.4.0"
  resolved "https://registry.yarnpkg.com/asynckit/-/asynckit-0.4.0.tgz#c79ed97f7f34cb8f2ba1bc9790bcc366474b4b79"
  integrity sha1-x57Zf380y48robyXkLzDZkdLS3k=

axios@^0.21.1:
  version "0.21.4"
  resolved "https://registry.yarnpkg.com/axios/-/axios-0.21.4.tgz#c67b90dc0568e5c1cf2b0b858c43ba28e2eda575"
  integrity sha512-ut5vewkiu8jjGBdqpM44XxjuCjq9LAKeHVmoVfHVzy8eHgxxq8SbAVQNovDA8mVi05kP0Ea/n/UzcSHcTJQfNg==
  dependencies:
    follow-redirects "^1.14.0"

base-path-converter@^1.0.2:
  version "1.0.2"
  resolved "https://registry.yarnpkg.com/base-path-converter/-/base-path-converter-1.0.2.tgz#e80b4b4f31c7b1561e632158e00774b6f2f27978"
  integrity sha512-51R8JiuXadknn6ouVUteOhDpmI3G5u5GqjruL7bPJpfxUHVgosaO5uPAvRP4FeR4VyyH4sSvsN78Ci6ouoRYqQ==

base-x@^3.0.2, base-x@^3.0.8:
  version "3.0.9"
  resolved "https://registry.yarnpkg.com/base-x/-/base-x-3.0.9.tgz#6349aaabb58526332de9f60995e548a53fe21320"
  integrity sha512-H7JU6iBHTal1gp56aKoaa//YUxEaAOUiydvrV/pILqIHXTtqxSkATOnDA2u+jZ/61sD+L/412+7kzXRtWukhpQ==
  dependencies:
    safe-buffer "^5.0.1"

base64-js@^1.3.1:
  version "1.5.1"
  resolved "https://registry.yarnpkg.com/base64-js/-/base64-js-1.5.1.tgz#1b1b440160a5bf7ad40b650f095963481903930a"
  integrity sha512-AKpaYlHn8t4SVbOHCy+b5+KKgvR4vrsD8vbvrbiQJps7fKDTkjkDry6ji0rUJjC0kzbNePLwzxq8iypo41qeWA==

bl@^4.1.0:
  version "4.1.0"
  resolved "https://registry.yarnpkg.com/bl/-/bl-4.1.0.tgz#451535264182bec2fbbc83a62ab98cf11d9f7b3a"
  integrity sha512-1W07cM9gS6DcLperZfFSj+bWLtaPGSOHWhPiGzXmvVJbRLdG82sH/Kn8EtW1VqWVA54AKf2h5k5BbnIbwF3h6w==
  dependencies:
    buffer "^5.5.0"
    inherits "^2.0.4"
    readable-stream "^3.4.0"

bn.js@^4.12.0:
  version "4.12.0"
  resolved "https://registry.yarnpkg.com/bn.js/-/bn.js-4.12.0.tgz#775b3f278efbb9718eec7361f483fb36fbbfea88"
  integrity sha512-c98Bf3tPniI+scsdk237ku1Dc3ujXQTSgyiPUDEOe7tRkhrqridvh8klBv0HCEso1OLOYcHuCv/cS6DNxKH+ZA==

bs58@^4.0.1:
  version "4.0.1"
  resolved "https://registry.yarnpkg.com/bs58/-/bs58-4.0.1.tgz#be161e76c354f6f788ae4071f63f34e8c4f0a42a"
  integrity sha1-vhYedsNU9veIrkBx9j806MTwpCo=
  dependencies:
    base-x "^3.0.2"

buffer@^5.5.0, buffer@^5.6.0:
  version "5.7.1"
  resolved "https://registry.yarnpkg.com/buffer/-/buffer-5.7.1.tgz#ba62e7c13133053582197160851a8f648e99eed0"
  integrity sha512-EHcyIPBQ4BSGlvjB16k5KgAJ27CIsHY/2JBmCRReo48y9rQ3MaUzWX3KVlBa4U7MyX02HdVj0K7C3WaB3ju7FQ==
  dependencies:
    base64-js "^1.3.1"
    ieee754 "^1.1.13"

bufferutil@^4.0.1:
  version "4.0.6"
  resolved "https://registry.yarnpkg.com/bufferutil/-/bufferutil-4.0.6.tgz#ebd6c67c7922a0e902f053e5d8be5ec850e48433"
  integrity sha512-jduaYOYtnio4aIAyc6UbvPCVcgq7nYpVnucyxr6eCYg/Woad9Hf/oxxBRDnGGjPfjUm6j5O/uBWhIu4iLebFaw==
  dependencies:
    node-gyp-build "^4.3.0"

chalk@^4.1.0, chalk@^4.1.1:
  version "4.1.2"
  resolved "https://registry.yarnpkg.com/chalk/-/chalk-4.1.2.tgz#aac4e2b7734a740867aeb16bf02aad556a1e7a01"
  integrity sha512-oKnbhFyRIXpUuez8iBMmyEa4nbj4IOQyuhc/wy9kY7/WVPcwIO9VA668Pu8RkO7+0G76SLROeyw9CpQ061i4mA==
  dependencies:
    ansi-styles "^4.1.0"
    supports-color "^7.1.0"

chardet@^0.7.0:
  version "0.7.0"
  resolved "https://registry.yarnpkg.com/chardet/-/chardet-0.7.0.tgz#90094849f0937f2eedc2425d0d28a9e5f0cbad9e"
  integrity sha512-mT8iDcrh03qDGRRmoA2hmBJnxpllMR+0/0qlzjqZES6NdiWDcZkCNAk4rPFZ9Q85r27unkiNNg8ZOiwZXBHwcA==

cids@~0.7.0:
  version "0.7.5"
  resolved "https://registry.yarnpkg.com/cids/-/cids-0.7.5.tgz#60a08138a99bfb69b6be4ceb63bfef7a396b28b2"
  integrity sha512-zT7mPeghoWAu+ppn8+BS1tQ5qGmbMfB4AregnQjA/qHY3GC1m1ptI9GkWNlgeu38r7CuRdXB47uY2XgAYt6QVA==
  dependencies:
    buffer "^5.5.0"
    class-is "^1.1.0"
    multibase "~0.6.0"
    multicodec "^1.0.0"
    multihashes "~0.4.15"

cids@~0.8.0:
  version "0.8.3"
  resolved "https://registry.yarnpkg.com/cids/-/cids-0.8.3.tgz#aaf48ac8ed857c3d37dad94d8db1d8c9407b92db"
  integrity sha512-yoXTbV3llpm+EBGWKeL9xKtksPE/s6DPoDSY4fn8I8TEW1zehWXPSB0pwAXVDlLaOlrw+sNynj995uD9abmPhA==
  dependencies:
    buffer "^5.6.0"
    class-is "^1.1.0"
    multibase "^1.0.0"
    multicodec "^1.0.1"
    multihashes "^1.0.1"

class-is@^1.1.0:
  version "1.1.0"
  resolved "https://registry.yarnpkg.com/class-is/-/class-is-1.1.0.tgz#9d3c0fba0440d211d843cec3dedfa48055005825"
  integrity sha512-rhjH9AG1fvabIDoGRVH587413LPjTZgmDF9fOFCbFJQV4yuocX1mHxxvXI4g3cGwbVY9wAYIoKlg1N79frJKQw==

cli-cursor@^3.1.0:
  version "3.1.0"
  resolved "https://registry.yarnpkg.com/cli-cursor/-/cli-cursor-3.1.0.tgz#264305a7ae490d1d03bf0c9ba7c925d1753af307"
  integrity sha512-I/zHAwsKf9FqGoXM4WWRACob9+SNukZTd94DWF57E4toouRulbCxcUh6RKUEOQlYTHJnzkPMySvPNaaSLNfLZw==
  dependencies:
    restore-cursor "^3.1.0"

cli-spinners@^2.5.0:
  version "2.6.1"
  resolved "https://registry.yarnpkg.com/cli-spinners/-/cli-spinners-2.6.1.tgz#adc954ebe281c37a6319bfa401e6dd2488ffb70d"
  integrity sha512-x/5fWmGMnbKQAaNwN+UZlV79qBLM9JFnJuJ03gIi5whrob0xV0ofNVHy9DhwGdsMJQc2OKv0oGmLzvaqvAVv+g==

cli-width@^3.0.0:
  version "3.0.0"
  resolved "https://registry.yarnpkg.com/cli-width/-/cli-width-3.0.0.tgz#a2f48437a2caa9a22436e794bf071ec9e61cedf6"
  integrity sha512-FxqpkPPwu1HjuN93Omfm4h8uIanXofW0RxVEW3k5RKx+mJJYSthzNhp32Kzxxy3YAEZ/Dc/EWN1vZRY0+kOhbw==

clone@^1.0.2:
  version "1.0.4"
  resolved "https://registry.yarnpkg.com/clone/-/clone-1.0.4.tgz#da309cc263df15994c688ca902179ca3c7cd7c7e"
  integrity sha1-2jCcwmPfFZlMaIypAheco8fNfH4=

color-convert@^2.0.1:
  version "2.0.1"
  resolved "https://registry.yarnpkg.com/color-convert/-/color-convert-2.0.1.tgz#72d3a68d598c9bdb3af2ad1e84f21d896abd4de3"
  integrity sha512-RRECPsj7iu/xb5oKYcsFHSppFNnsj/52OVTRKb4zP5onXwVF3zVmmToNcOfGC+CRDpfK/U584fMg38ZHCaElKQ==
  dependencies:
    color-name "~1.1.4"

color-name@~1.1.4:
  version "1.1.4"
  resolved "https://registry.yarnpkg.com/color-name/-/color-name-1.1.4.tgz#c2a09a87acbde69543de6f63fa3995c826c536a2"
  integrity sha512-dOy+3AuW3a2wNbZHIuMZpTcgjGuLU/uBL/ubcZF9OXbDo8ff4O8yVp5Bf0efS8uEoYo5q4Fx7dY9OgQGXgAsQA==

combined-stream@^1.0.6, combined-stream@^1.0.8:
  version "1.0.8"
  resolved "https://registry.yarnpkg.com/combined-stream/-/combined-stream-1.0.8.tgz#c3d45a8b34fd730631a110a8a2520682b31d5a7f"
  integrity sha512-FQN4MRfuJeHf7cBbBMJFXhKSDq+2kAArBlmRBvcvFE5BB1HZKXtSFASDhdlz9zOYwxh8lDdnvmMOe/+5cdoEdg==
  dependencies:
    delayed-stream "~1.0.0"

commander@^8.3.0:
  version "8.3.0"
  resolved "https://registry.yarnpkg.com/commander/-/commander-8.3.0.tgz#4837ea1b2da67b9c616a67afbb0fafee567bca66"
  integrity sha512-OkTL9umf+He2DZkUq8f8J9of7yL6RJKI24dVITBmNfZBmri9zYZQrKkuXiKhyfPSu8tUhnVBB1iKXevvnlR4Ww==

csv-generate@^4.0.4:
  version "4.0.4"
  resolved "https://registry.yarnpkg.com/csv-generate/-/csv-generate-4.0.4.tgz#c780c35ec5b23481d7cf37abd147a4fbdf8c94ad"
  integrity sha512-6/0FOBbF4O+EBSAYsfOXBjIFhyPpfeeeuWEM4XJQhc/6TvDDL9AGFQNPh2SKlFx7VYERBDmZAWnITgaa+z4BJA==

csv-parse@^5.0.4:
  version "5.0.4"
  resolved "https://registry.yarnpkg.com/csv-parse/-/csv-parse-5.0.4.tgz#97e5e654413bcf95f2714ce09bcb2be6de0eb8e3"
  integrity sha512-5AIdl8l6n3iYQYxan5djB5eKDa+vBnhfWZtRpJTcrETWfVLYN0WSj3L9RwvgYt+psoO77juUr8TG8qpfGZifVQ==

csv-stringify@^6.0.5:
  version "6.0.5"
  resolved "https://registry.yarnpkg.com/csv-stringify/-/csv-stringify-6.0.5.tgz#3474a4fe784249eb5c91d455f616e1f70961cdc0"
  integrity sha512-7xpV3uweJCFF/Ssn56l3xsR/k2r3UqszwjEhej9qEn2cCPzyK1WyHCgoUVzBA792x8HbwonNX7CU9XM2K5s5yw==

csv@^6.0.5:
  version "6.0.5"
  resolved "https://registry.yarnpkg.com/csv/-/csv-6.0.5.tgz#e7823b1d9c8a35d7ec03801e3e80c3fb0d1d5247"
  integrity sha512-VyII851P4BvzMsXenhtR7g3mARmZ3HvBX16PD85E8IOoxyvNT9e74egbfdkYBj5SGHh1LphCWXeQvskijH+kfg==
  dependencies:
    csv-generate "^4.0.4"
    csv-parse "^5.0.4"
    csv-stringify "^6.0.5"
    stream-transform "^3.0.4"

d@1, d@^1.0.1:
  version "1.0.1"
  resolved "https://registry.yarnpkg.com/d/-/d-1.0.1.tgz#8698095372d58dbee346ffd0c7093f99f8f9eb5a"
  integrity sha512-m62ShEObQ39CfralilEQRjH6oAMtNCV1xJyEx5LpRYUVN+EviphDgUc/F3hnYbADmkiNs67Y+3ylmlG7Lnu+FA==
  dependencies:
    es5-ext "^0.10.50"
    type "^1.0.1"

debug@^2.2.0:
  version "2.6.9"
  resolved "https://registry.yarnpkg.com/debug/-/debug-2.6.9.tgz#5d128515df134ff327e90a4c93f4e077a536341f"
  integrity sha512-bC7ElrdJaJnPbAP+1EotYvqZsb3ecl5wi6Bfi6BJTUcNowp6cvspg0jXznRTKDjm/E7AdgFBVeAPVMNcKGsHMA==
  dependencies:
    ms "2.0.0"

debug@^4.1.0:
  version "4.3.3"
  resolved "https://registry.yarnpkg.com/debug/-/debug-4.3.3.tgz#04266e0b70a98d4462e6e288e38259213332b664"
  integrity sha512-/zxw5+vh1Tfv+4Qn7a5nsbcJKPaSvCDhojn6FEl9vupwK2VCSDtEiEtqr8DFtzYFOdz63LBkxec7DYuc2jon6Q==
  dependencies:
    ms "2.1.2"

defaults@^1.0.3:
  version "1.0.3"
  resolved "https://registry.yarnpkg.com/defaults/-/defaults-1.0.3.tgz#c656051e9817d9ff08ed881477f3fe4019f3ef7d"
  integrity sha1-xlYFHpgX2f8I7YgUd/P+QBnz730=
  dependencies:
    clone "^1.0.2"

delayed-stream@~1.0.0:
  version "1.0.0"
  resolved "https://registry.yarnpkg.com/delayed-stream/-/delayed-stream-1.0.0.tgz#df3ae199acadfb7d440aaae0b29e2272b24ec619"
  integrity sha1-3zrhmayt+31ECqrgsp4icrJOxhk=

ed2curve@^0.3.0:
  version "0.3.0"
  resolved "https://registry.yarnpkg.com/ed2curve/-/ed2curve-0.3.0.tgz#322b575152a45305429d546b071823a93129a05d"
  integrity sha512-8w2fmmq3hv9rCrcI7g9hms2pMunQr1JINfcjwR9tAyZqhtyaMN991lF/ZfHfr5tzZQ8c7y7aBgZbjfbd0fjFwQ==
  dependencies:
    tweetnacl "1.x.x"

emoji-regex@^8.0.0:
  version "8.0.0"
  resolved "https://registry.yarnpkg.com/emoji-regex/-/emoji-regex-8.0.0.tgz#e818fd69ce5ccfcb404594f842963bf53164cc37"
  integrity sha512-MSjYzcWNOA0ewAHpz0MxpYFvwg6yjy1NG3xteoqz644VCo/RPgnr1/GGt+ic3iJTzQ8Eu3TdM14SawnVUmGE6A==

es5-ext@^0.10.35, es5-ext@^0.10.50:
  version "0.10.53"
  resolved "https://registry.yarnpkg.com/es5-ext/-/es5-ext-0.10.53.tgz#93c5a3acfdbef275220ad72644ad02ee18368de1"
  integrity sha512-Xs2Stw6NiNHWypzRTY1MtaG/uJlwCk8kH81920ma8mvN8Xq1gsfhZvpkImLQArw8AHnv8MT2I45J3c0R8slE+Q==
  dependencies:
    es6-iterator "~2.0.3"
    es6-symbol "~3.1.3"
    next-tick "~1.0.0"

es6-iterator@~2.0.3:
  version "2.0.3"
  resolved "https://registry.yarnpkg.com/es6-iterator/-/es6-iterator-2.0.3.tgz#a7de889141a05a94b0854403b2d0a0fbfa98f3b7"
  integrity sha1-p96IkUGgWpSwhUQDstCg+/qY87c=
  dependencies:
    d "1"
    es5-ext "^0.10.35"
    es6-symbol "^3.1.1"

es6-symbol@^3.1.1, es6-symbol@~3.1.3:
  version "3.1.3"
  resolved "https://registry.yarnpkg.com/es6-symbol/-/es6-symbol-3.1.3.tgz#bad5d3c1bcdac28269f4cb331e431c78ac705d18"
  integrity sha512-NJ6Yn3FuDinBaBRWl/q5X/s4koRHBrgKAu+yGI6JCBeiu3qrcbJhwT2GeR/EXVfylRk8dpQVJoLEFhK+Mu31NA==
  dependencies:
    d "^1.0.1"
    ext "^1.1.2"

escape-string-regexp@^1.0.5:
  version "1.0.5"
  resolved "https://registry.yarnpkg.com/escape-string-regexp/-/escape-string-regexp-1.0.5.tgz#1b61c0562190a8dff6ae3bb2cf0200ca130b86d4"
  integrity sha1-G2HAViGQqN/2rjuyzwIAyhMLhtQ=

eventemitter3@^4.0.7:
  version "4.0.7"
  resolved "https://registry.yarnpkg.com/eventemitter3/-/eventemitter3-4.0.7.tgz#2de9b68f6528d5644ef5c59526a1b4a07306169f"
  integrity sha512-8guHBZCwKnFhYdHr2ysuRWErTwhoN2X8XELRlrRwpmfeY2jjuUN4taQMsULKUVo1K4DvZl+0pgfyoysHxvmvEw==

ext@^1.1.2:
  version "1.6.0"
  resolved "https://registry.yarnpkg.com/ext/-/ext-1.6.0.tgz#3871d50641e874cc172e2b53f919842d19db4c52"
  integrity sha512-sdBImtzkq2HpkdRLtlLWDa6w4DX22ijZLKx8BMPUuKe1c5lbN6xwQDQCxSfxBQnHZ13ls/FH0MQZx/q/gr6FQg==
  dependencies:
    type "^2.5.0"

external-editor@^3.0.3:
  version "3.1.0"
  resolved "https://registry.yarnpkg.com/external-editor/-/external-editor-3.1.0.tgz#cb03f740befae03ea4d283caed2741a83f335495"
  integrity sha512-hMQ4CX1p1izmuLYyZqLMO/qGNw10wSv9QDCPfzXfyFrOaCSSoRfqE1Kf1s5an66J5JZC62NewG+mK49jOCtQew==
  dependencies:
    chardet "^0.7.0"
    iconv-lite "^0.4.24"
    tmp "^0.0.33"

figures@^3.0.0:
  version "3.2.0"
  resolved "https://registry.yarnpkg.com/figures/-/figures-3.2.0.tgz#625c18bd293c604dc4a8ddb2febf0c88341746af"
  integrity sha512-yaduQFRKLXYOGgEn6AZau90j3ggSOyiqXU0F9JZfeXYhNa+Jk4X+s45A2zg5jns87GAFa34BBm2kXw4XpNcbdg==
  dependencies:
    escape-string-regexp "^1.0.5"

follow-redirects@^1.14.0:
  version "1.14.7"
  resolved "https://registry.yarnpkg.com/follow-redirects/-/follow-redirects-1.14.7.tgz#2004c02eb9436eee9a21446a6477debf17e81685"
  integrity sha512-+hbxoLbFMbRKDwohX8GkTataGqO6Jb7jGwpAlwgy2bIz25XtRm7KEzJM76R1WiNT5SwZkX4Y75SwBolkpmE7iQ==

form-data@^2.3.3:
  version "2.5.1"
  resolved "https://registry.yarnpkg.com/form-data/-/form-data-2.5.1.tgz#f2cbec57b5e59e23716e128fe44d4e5dd23895f4"
  integrity sha512-m21N3WOmEEURgk6B9GLOE4RuWOFf28Lhh9qGYeNlGq4VDXUlJy2th2slBNU8Gp8EzloYZOibZJ7t5ecIrFSjVA==
  dependencies:
    asynckit "^0.4.0"
    combined-stream "^1.0.6"
    mime-types "^2.1.12"

form-data@^3.0.0:
  version "3.0.1"
  resolved "https://registry.yarnpkg.com/form-data/-/form-data-3.0.1.tgz#ebd53791b78356a99af9a300d4282c4d5eb9755f"
  integrity sha512-RHkBKtLWUVwd7SqRIvCZMEvAMoGUp0XU+seQiZejj0COz3RI3hWP4sCv3gZWWLjJTd7rGwcsF5eKZGii0r/hbg==
  dependencies:
    asynckit "^0.4.0"
    combined-stream "^1.0.8"
    mime-types "^2.1.12"

has-flag@^4.0.0:
  version "4.0.0"
  resolved "https://registry.yarnpkg.com/has-flag/-/has-flag-4.0.0.tgz#944771fd9c81c81265c4d6941860da06bb59479b"
  integrity sha512-EykJT/Q1KjTWctppgIAgfSO0tKVuZUjhgMr17kqTumMl6Afv3EISleU7qZUzoXDFTAHTDC4NOoG/ZxU3EvlMPQ==

iconv-lite@^0.4.24:
  version "0.4.24"
  resolved "https://registry.yarnpkg.com/iconv-lite/-/iconv-lite-0.4.24.tgz#2022b4b25fbddc21d2f524974a474aafe733908b"
  integrity sha512-v3MXnZAcvnywkTUEZomIActle7RXXeedOR31wwl7VlyoXO4Qi9arvSenNQWne1TcRwhCL1HwLI21bEqdpj8/rA==
  dependencies:
    safer-buffer ">= 2.1.2 < 3"

ieee754@^1.1.13:
  version "1.2.1"
  resolved "https://registry.yarnpkg.com/ieee754/-/ieee754-1.2.1.tgz#8eb7a10a63fff25d15a57b001586d177d1b0d352"
  integrity sha512-dcyqhDvX1C46lXZcVqCpK+FtMRQVdIMN6/Df5js2zouUsqG7I6sFxitIC+7KYK29KdXOLHdu9zL4sFnoVQnqaA==

inherits@^2.0.3, inherits@^2.0.4:
  version "2.0.4"
  resolved "https://registry.yarnpkg.com/inherits/-/inherits-2.0.4.tgz#0fa2c64f932917c3433a0ded55363aae37416b7c"
  integrity sha512-k/vGaX4/Yla3WzyMCvTQOXYeIHvqOKtnqBduzTHpzpQZzAskKMhZ2K+EnBiSM9zGSoIFeMpXKxa4dYeZIQqewQ==

inquirer@^8.2.0:
  version "8.2.0"
  resolved "https://registry.yarnpkg.com/inquirer/-/inquirer-8.2.0.tgz#f44f008dd344bbfc4b30031f45d984e034a3ac3a"
  integrity sha512-0crLweprevJ02tTuA6ThpoAERAGyVILC4sS74uib58Xf/zSr1/ZWtmm7D5CI+bSQEaA04f0K7idaHpQbSWgiVQ==
  dependencies:
    ansi-escapes "^4.2.1"
    chalk "^4.1.1"
    cli-cursor "^3.1.0"
    cli-width "^3.0.0"
    external-editor "^3.0.3"
    figures "^3.0.0"
    lodash "^4.17.21"
    mute-stream "0.0.8"
    ora "^5.4.1"
    run-async "^2.4.0"
    rxjs "^7.2.0"
    string-width "^4.1.0"
    strip-ansi "^6.0.0"
    through "^2.3.6"

ip-regex@^4.0.0, ip-regex@^4.3.0:
  version "4.3.0"
  resolved "https://registry.yarnpkg.com/ip-regex/-/ip-regex-4.3.0.tgz#687275ab0f57fa76978ff8f4dddc8a23d5990db5"
  integrity sha512-B9ZWJxHHOHUhUjCPrMpLD4xEq35bUTClHM1S6CBU5ixQnkZmwipwgc96vAd7AAGM9TGHvJR+Uss+/Ak6UphK+Q==

is-fullwidth-code-point@^3.0.0:
  version "3.0.0"
  resolved "https://registry.yarnpkg.com/is-fullwidth-code-point/-/is-fullwidth-code-point-3.0.0.tgz#f116f8064fe90b3f7844a38997c0b75051269f1d"
  integrity sha512-zymm5+u+sCsSWyD9qNaejV3DFvhCKclKdizYaJUuHA83RLjb7nSuGnddCHGv0hk+KY7BMAlsWeK4Ueg6EV6XQg==

is-interactive@^1.0.0:
  version "1.0.0"
  resolved "https://registry.yarnpkg.com/is-interactive/-/is-interactive-1.0.0.tgz#cea6e6ae5c870a7b0a0004070b7b587e0252912e"
  integrity sha512-2HvIEKRoqS62guEC+qBjpvRubdX910WCMuJTZ+I9yvqKU2/12eSL549HMwtabb4oupdj2sMP50k+XJfB/8JE6w==

is-ip@^3.1.0:
  version "3.1.0"
  resolved "https://registry.yarnpkg.com/is-ip/-/is-ip-3.1.0.tgz#2ae5ddfafaf05cb8008a62093cf29734f657c5d8"
  integrity sha512-35vd5necO7IitFPjd/YBeqwWnyDWbuLH9ZXQdMfDA8TEo7pv5X8yfrvVO3xbJbLUlERCMvf6X0hTUamQxCYJ9Q==
  dependencies:
    ip-regex "^4.0.0"

is-ipfs@^0.6.0:
  version "0.6.3"
  resolved "https://registry.yarnpkg.com/is-ipfs/-/is-ipfs-0.6.3.tgz#82a5350e0a42d01441c40b369f8791e91404c497"
  integrity sha512-HyRot1dvLcxImtDqPxAaY1miO6WsiP/z7Yxpg2qpaLWv5UdhAPtLvHJ4kMLM0w8GSl8AFsVF23PHe1LzuWrUlQ==
  dependencies:
    bs58 "^4.0.1"
    cids "~0.7.0"
    mafmt "^7.0.0"
    multiaddr "^7.2.1"
    multibase "~0.6.0"
    multihashes "~0.4.13"

is-typedarray@^1.0.0:
  version "1.0.0"
  resolved "https://registry.yarnpkg.com/is-typedarray/-/is-typedarray-1.0.0.tgz#e479c80858df0c1b11ddda6940f96011fcda4a9a"
  integrity sha1-5HnICFjfDBsR3dppQPlgEfzaSpo=

is-unicode-supported@^0.1.0:
  version "0.1.0"
  resolved "https://registry.yarnpkg.com/is-unicode-supported/-/is-unicode-supported-0.1.0.tgz#3f26c76a809593b52bfa2ecb5710ed2779b522a7"
  integrity sha512-knxG2q4UC3u8stRGyAVJCOdxFmv5DZiRcdlIaAQXAbSfJya+OhopNotLQrstBhququ4ZpuKbDc/8S6mgXgPFPw==

json-stringify-safe@^5.0.1:
  version "5.0.1"
  resolved "https://registry.yarnpkg.com/json-stringify-safe/-/json-stringify-safe-5.0.1.tgz#1296a2d58fd45f19a0f6ce01d65701e2c735b6eb"
  integrity sha1-Epai1Y/UXxmg9s4B1lcB4sc1tus=

lodash.set@^4.3.2:
  version "4.3.2"
  resolved "https://registry.yarnpkg.com/lodash.set/-/lodash.set-4.3.2.tgz#d8757b1da807dde24816b0d6a84bea1a76230b23"
  integrity sha1-2HV7HagH3eJIFrDWqEvqGnYjCyM=

lodash@^4.17.21:
  version "4.17.21"
  resolved "https://registry.yarnpkg.com/lodash/-/lodash-4.17.21.tgz#679591c564c3bffaae8454cf0b3df370c3d6911c"
  integrity sha512-v2kDEe57lecTulaDIuNTPy3Ry4gLGJ6Z1O3vE1krgXZNrsQ+LFTGHVxVjcXPs17LhbZVGedAJv8XZ1tvj5FvSg==

log-symbols@^4.1.0:
  version "4.1.0"
  resolved "https://registry.yarnpkg.com/log-symbols/-/log-symbols-4.1.0.tgz#3fbdbb95b4683ac9fc785111e792e558d4abd503"
  integrity sha512-8XPvpAA8uyhfteu8pIvQxpJZ7SYYdpUivZpGy6sFsBuKRY/7rQGavedeB8aK+Zkyq6upMFVL/9AW6vOYzfRyLg==
  dependencies:
    chalk "^4.1.0"
    is-unicode-supported "^0.1.0"

mafmt@^7.0.0:
  version "7.1.0"
  resolved "https://registry.yarnpkg.com/mafmt/-/mafmt-7.1.0.tgz#4126f6d0eded070ace7dbbb6fb04977412d380b5"
  integrity sha512-vpeo9S+hepT3k2h5iFxzEHvvR0GPBx9uKaErmnRzYNcaKb03DgOArjEMlgG4a9LcuZZ89a3I8xbeto487n26eA==
  dependencies:
    multiaddr "^7.3.0"

micro-base@^0.10.2:
  version "0.10.2"
  resolved "https://registry.yarnpkg.com/micro-base/-/micro-base-0.10.2.tgz#f6f9f0bd949ce511883e5a99f9147d80ddc32f5a"
  integrity sha512-lqqJrT7lfJtDmmiQ4zRLZuIJBk96t0RAc5pCrrWpL9zDeH5i/SUL85mku9HqzTI/OCZ8EQ3aicbMW+eK5Nyu5w==

mime-db@1.51.0:
  version "1.51.0"
  resolved "https://registry.yarnpkg.com/mime-db/-/mime-db-1.51.0.tgz#d9ff62451859b18342d960850dc3cfb77e63fb0c"
  integrity sha512-5y8A56jg7XVQx2mbv1lu49NR4dokRnhZYTtL+KGfaa27uq4pSTXkwQkFJl4pkRMyNFz/EtYDSkiiEHx3F7UN6g==

mime-types@^2.1.12:
  version "2.1.34"
  resolved "https://registry.yarnpkg.com/mime-types/-/mime-types-2.1.34.tgz#5a712f9ec1503511a945803640fafe09d3793c24"
  integrity sha512-6cP692WwGIs9XXdOO4++N+7qjqv0rqxxVvJ3VHPh/Sc9mVZcQP+ZGhkKiTvWMQRr2tbHkJP/Yn7Y0npb3ZBs4A==
  dependencies:
    mime-db "1.51.0"

mimic-fn@^2.1.0:
  version "2.1.0"
  resolved "https://registry.yarnpkg.com/mimic-fn/-/mimic-fn-2.1.0.tgz#7ed2c2ccccaf84d3ffcb7a69b57711fc2083401b"
  integrity sha512-OqbOk5oEQeAZ8WXWydlu9HJjz9WVdEIvamMCcXmuqUYjTknH/sqsWvhQ3vgwKFRR1HpjvNBKQ37nbJgYzGqGcg==

mock-socket@^9.1.0:
  version "9.1.2"
  resolved "https://registry.yarnpkg.com/mock-socket/-/mock-socket-9.1.2.tgz#cce6cf2193aada937ba41de3288c5c1922fbd571"
  integrity sha512-XKZkCnQ9ISOlTnaPg4LYYSMj7+6i78HyadYzLA5JM4465ibLdjappZD9Csnqc3Tfzep/eEK/LCJ29BTaLHoB1A==

ms@2.0.0:
  version "2.0.0"
  resolved "https://registry.yarnpkg.com/ms/-/ms-2.0.0.tgz#5608aeadfc00be6c2901df5f9861788de0d597c8"
  integrity sha1-VgiurfwAvmwpAd9fmGF4jeDVl8g=

ms@2.1.2:
  version "2.1.2"
  resolved "https://registry.yarnpkg.com/ms/-/ms-2.1.2.tgz#d09d1f357b443f493382a8eb3ccd183872ae6009"
  integrity sha512-sGkPx+VjMtmA6MX27oA4FBFELFCZZ4S4XqeGOXCv68tT+jb3vk/RyaKWP0PTKyWtmLSM0b+adUTEvbs1PEaH2w==

multiaddr@^7.2.1, multiaddr@^7.3.0:
  version "7.5.0"
  resolved "https://registry.yarnpkg.com/multiaddr/-/multiaddr-7.5.0.tgz#976c88e256e512263445ab03b3b68c003d5f485e"
  integrity sha512-GvhHsIGDULh06jyb6ev+VfREH9evJCFIRnh3jUt9iEZ6XDbyoisZRFEI9bMvK/AiR6y66y6P+eoBw9mBYMhMvw==
  dependencies:
    buffer "^5.5.0"
    cids "~0.8.0"
    class-is "^1.1.0"
    is-ip "^3.1.0"
    multibase "^0.7.0"
    varint "^5.0.0"

multibase@^0.7.0:
  version "0.7.0"
  resolved "https://registry.yarnpkg.com/multibase/-/multibase-0.7.0.tgz#1adfc1c50abe05eefeb5091ac0c2728d6b84581b"
  integrity sha512-TW8q03O0f6PNFTQDvh3xxH03c8CjGaaYrjkl9UQPG6rz53TQzzxJVCIWVjzcbN/Q5Y53Zd0IBQBMVktVgNx4Fg==
  dependencies:
    base-x "^3.0.8"
    buffer "^5.5.0"

multibase@^1.0.0, multibase@^1.0.1:
  version "1.0.1"
  resolved "https://registry.yarnpkg.com/multibase/-/multibase-1.0.1.tgz#4adbe1de0be8a1ab0274328b653c3f1903476724"
  integrity sha512-KcCxpBVY8fdVKu4dJMAahq4F/2Z/9xqEjIiR7PiMe7LRGeorFn2NLmicN6nLBCqQvft6MG2Lc9X5P0IdyvnxEw==
  dependencies:
    base-x "^3.0.8"
    buffer "^5.5.0"

multibase@~0.6.0:
  version "0.6.1"
  resolved "https://registry.yarnpkg.com/multibase/-/multibase-0.6.1.tgz#b76df6298536cc17b9f6a6db53ec88f85f8cc12b"
  integrity sha512-pFfAwyTjbbQgNc3G7D48JkJxWtoJoBMaR4xQUOuB8RnCgRqaYmWNFeJTTvrJ2w51bjLq2zTby6Rqj9TQ9elSUw==
  dependencies:
    base-x "^3.0.8"
    buffer "^5.5.0"

multicodec@^1.0.0, multicodec@^1.0.1:
  version "1.0.4"
  resolved "https://registry.yarnpkg.com/multicodec/-/multicodec-1.0.4.tgz#46ac064657c40380c28367c90304d8ed175a714f"
  integrity sha512-NDd7FeS3QamVtbgfvu5h7fd1IlbaC4EQ0/pgU4zqE2vdHCmBGsUa0TiM8/TdSeG6BMPC92OOCf8F1ocE/Wkrrg==
  dependencies:
    buffer "^5.6.0"
    varint "^5.0.0"

multihashes@^1.0.1:
  version "1.0.1"
  resolved "https://registry.yarnpkg.com/multihashes/-/multihashes-1.0.1.tgz#a89415d68283cf6287c6e219e304e75ce7fb73fe"
  integrity sha512-S27Tepg4i8atNiFaU5ZOm3+gl3KQlUanLs/jWcBxQHFttgq+5x1OgbQmf2d8axJ/48zYGBd/wT9d723USMFduw==
  dependencies:
    buffer "^5.6.0"
    multibase "^1.0.1"
    varint "^5.0.0"

multihashes@~0.4.13, multihashes@~0.4.15:
  version "0.4.21"
  resolved "https://registry.yarnpkg.com/multihashes/-/multihashes-0.4.21.tgz#dc02d525579f334a7909ade8a122dabb58ccfcb5"
  integrity sha512-uVSvmeCWf36pU2nB4/1kzYZjsXD9vofZKpgudqkceYY5g2aZZXJ5r9lxuzoRLl1OAp28XljXsEJ/X/85ZsKmKw==
  dependencies:
    buffer "^5.5.0"
    multibase "^0.7.0"
    varint "^5.0.0"

mute-stream@0.0.8:
  version "0.0.8"
  resolved "https://registry.yarnpkg.com/mute-stream/-/mute-stream-0.0.8.tgz#1630c42b2251ff81e2a283de96a5497ea92e5e0d"
  integrity sha512-nnbWWOkoWyUsTjKrhgD0dcz22mdkSnpYqbEjIm2nhwhuxlSkpywJmBo8h0ZqJdkp73mb90SssHkN4rsRaBAfAA==

next-tick@~1.0.0:
  version "1.0.0"
  resolved "https://registry.yarnpkg.com/next-tick/-/next-tick-1.0.0.tgz#ca86d1fe8828169b0120208e3dc8424b9db8342c"
  integrity sha1-yobR/ogoFpsBICCOPchCS524NCw=

nock@^13.2.2:
  version "13.2.2"
  resolved "https://registry.yarnpkg.com/nock/-/nock-13.2.2.tgz#29a6942250278209c2b3e7a38310f703581b21fa"
  integrity sha512-PcBHuvl9i6zfaJ50A7LS55oU+nFLv8htXIhffJO+FxyfibdZ4jEvd9kTuvkrJireBFIGMZ+oUIRpMK5gU9h//g==
  dependencies:
    debug "^4.1.0"
    json-stringify-safe "^5.0.1"
    lodash.set "^4.3.2"
    propagate "^2.0.0"

node-fetch@^2.6.7:
  version "2.6.7"
  resolved "https://registry.yarnpkg.com/node-fetch/-/node-fetch-2.6.7.tgz#24de9fba827e3b4ae44dc8b20256a379160052ad"
  integrity sha512-ZjMPFEfVx5j+y2yF35Kzx5sF7kDzxuDj6ziH4FFbOp87zKDZNx8yExJIb05OGF4Nlt9IHFIMBkRl41VdvcNdbQ==
  dependencies:
    whatwg-url "^5.0.0"

node-gyp-build@^4.3.0:
  version "4.3.0"
  resolved "https://registry.yarnpkg.com/node-gyp-build/-/node-gyp-build-4.3.0.tgz#9f256b03e5826150be39c764bf51e993946d71a3"
  integrity sha512-iWjXZvmboq0ja1pUGULQBexmxq8CV4xBhX7VDOTbL7ZR4FOowwY/VOtRxBN/yKxmdGoIp4j5ysNT4u3S2pDQ3Q==

onetime@^5.1.0:
  version "5.1.2"
  resolved "https://registry.yarnpkg.com/onetime/-/onetime-5.1.2.tgz#d0e96ebb56b07476df1dd9c4806e5237985ca45e"
  integrity sha512-kbpaSSGJTWdAY5KPVeMOKXSrPtr8C8C7wodJbcsd51jRnmD+GZu8Y0VoU6Dm5Z4vWr0Ig/1NKuWRKf7j5aaYSg==
  dependencies:
    mimic-fn "^2.1.0"

ora@^5.4.1:
  version "5.4.1"
  resolved "https://registry.yarnpkg.com/ora/-/ora-5.4.1.tgz#1b2678426af4ac4a509008e5e4ac9e9959db9e18"
  integrity sha512-5b6Y85tPxZZ7QytO+BQzysW31HJku27cRIlkbAXaNx+BdcVi+LlRFmVXzeF6a7JCwJpyw5c4b+YSVImQIrBpuQ==
  dependencies:
    bl "^4.1.0"
    chalk "^4.1.0"
    cli-cursor "^3.1.0"
    cli-spinners "^2.5.0"
    is-interactive "^1.0.0"
    is-unicode-supported "^0.1.0"
    log-symbols "^4.1.0"
    strip-ansi "^6.0.0"
    wcwidth "^1.0.1"

os-tmpdir@~1.0.2:
  version "1.0.2"
  resolved "https://registry.yarnpkg.com/os-tmpdir/-/os-tmpdir-1.0.2.tgz#bbe67406c79aa85c5cfec766fe5734555dfa1274"
  integrity sha1-u+Z0BseaqFxc/sdm/lc0VV36EnQ=

propagate@^2.0.0:
  version "2.0.1"
  resolved "https://registry.yarnpkg.com/propagate/-/propagate-2.0.1.tgz#40cdedab18085c792334e64f0ac17256d38f9a45"
  integrity sha512-vGrhOavPSTz4QVNuBNdcNXePNdNMaO1xj9yBeH1ScQPjk/rhg9sSlCXPhMkFuaNNW/syTvYqsnbIJxMBfRbbag==

readable-stream@^3.4.0:
  version "3.6.0"
  resolved "https://registry.yarnpkg.com/readable-stream/-/readable-stream-3.6.0.tgz#337bbda3adc0706bd3e024426a286d4b4b2c9198"
  integrity sha512-BViHy7LKeTz4oNnkcLJ+lVSL6vpiFeX6/d3oSH8zCW7UxP2onchk+vTGB143xuFjHS3deTgkKoXXymXqymiIdA==
  dependencies:
    inherits "^2.0.3"
    string_decoder "^1.1.1"
    util-deprecate "^1.0.1"

recursive-fs@^1.1.2:
  version "1.1.2"
  resolved "https://registry.yarnpkg.com/recursive-fs/-/recursive-fs-1.1.2.tgz#1d752e2f1a65d25fb6964109a9dbf83a335f90f0"
  integrity sha512-QPFEt5EwzwlHoqYsZc+NkUSyDTQf1Hvq7c/kpQJHi77OSCAiDXI3wfB0J04ZG+ekGHmv37mdR8MDPEshD3/RlQ==

regenerator-runtime@^0.13.4:
  version "0.13.9"
  resolved "https://registry.yarnpkg.com/regenerator-runtime/-/regenerator-runtime-0.13.9.tgz#8925742a98ffd90814988d7566ad30ca3b263b52"
  integrity sha512-p3VT+cOEgxFsRRA9X4lkI1E+k2/CtnKtU4gcxyaCUreilL/vqI6CdZ3wxVUx3UOUg+gnUOQQcRI7BmSI656MYA==

restore-cursor@^3.1.0:
  version "3.1.0"
  resolved "https://registry.yarnpkg.com/restore-cursor/-/restore-cursor-3.1.0.tgz#39f67c54b3a7a58cea5236d95cf0034239631f7e"
  integrity sha512-l+sSefzHpj5qimhFSE5a8nufZYAM3sBSVMAPtYkmC+4EH2anSGaEMXSD0izRQbu9nfyQ9y5JrVmp7E8oZrUjvA==
  dependencies:
    onetime "^5.1.0"
    signal-exit "^3.0.2"

run-async@^2.4.0:
  version "2.4.1"
  resolved "https://registry.yarnpkg.com/run-async/-/run-async-2.4.1.tgz#8440eccf99ea3e70bd409d49aab88e10c189a455"
  integrity sha512-tvVnVv01b8c1RrA6Ep7JkStj85Guv/YrMcwqYQnwjsAS2cTmmPGBBjAjpCW7RrSodNSoE2/qg9O4bceNvUuDgQ==

rxjs@^7.2.0, rxjs@^7.5.2:
  version "7.5.2"
  resolved "https://registry.yarnpkg.com/rxjs/-/rxjs-7.5.2.tgz#11e4a3a1dfad85dbf7fb6e33cbba17668497490b"
  integrity sha512-PwDt186XaL3QN5qXj/H9DGyHhP3/RYYgZZwqBv9Tv8rsAaiwFH1IsJJlcgD37J7UW5a6O67qX0KWKS3/pu0m4w==
  dependencies:
    tslib "^2.1.0"

safe-buffer@^5.0.1, safe-buffer@~5.2.0:
  version "5.2.1"
  resolved "https://registry.yarnpkg.com/safe-buffer/-/safe-buffer-5.2.1.tgz#1eaf9fa9bdb1fdd4ec75f58f9cdb4e6b7827eec6"
  integrity sha512-rp3So07KcdmmKbGvgaNxQSJr7bGVSVk5S9Eq1F+ppbRo70+YeaDxkw5Dd8NPN+GD6bjnYm2VuPuCXmpuYvmCXQ==

"safer-buffer@>= 2.1.2 < 3":
  version "2.1.2"
  resolved "https://registry.yarnpkg.com/safer-buffer/-/safer-buffer-2.1.2.tgz#44fa161b0187b9549dd84bb91802f9bd8385cd6a"
  integrity sha512-YZo3K82SD7Riyi0E1EQPojLz7kpepnSQI9IyPbHHg1XXXevb5dJI7tpyN2ADxGcQbHG7vcyRHk0cbwqcQriUtg==

signal-exit@^3.0.2:
  version "3.0.6"
  resolved "https://registry.yarnpkg.com/signal-exit/-/signal-exit-3.0.6.tgz#24e630c4b0f03fea446a2bd299e62b4a6ca8d0af"
  integrity sha512-sDl4qMFpijcGw22U5w63KmD3cZJfBuFlVNbVMKje2keoKML7X2UzWbc4XrmEbDwg0NXJc3yv4/ox7b+JWb57kQ==

stream-transform@^3.0.4:
  version "3.0.4"
  resolved "https://registry.yarnpkg.com/stream-transform/-/stream-transform-3.0.4.tgz#aae97911ea3adf2cd25976655ec3201fb714fda8"
  integrity sha512-g2jbk1hs3GiF3oHZLbR7Fph/PXh/3xHoz/D8aR2oHySE4xVUvNeTGqihhb1vxFjYyu4inqiTfT42g2MHBjjx0g==

string-width@^4.1.0:
  version "4.2.3"
  resolved "https://registry.yarnpkg.com/string-width/-/string-width-4.2.3.tgz#269c7117d27b05ad2e536830a8ec895ef9c6d010"
  integrity sha512-wKyQRQpjJ0sIp62ErSZdGsjMJWsap5oRNihHhu6G7JVO/9jIB6UyevL+tXuOqrng8j/cxKTWyWUwvSTriiZz/g==
  dependencies:
    emoji-regex "^8.0.0"
    is-fullwidth-code-point "^3.0.0"
    strip-ansi "^6.0.1"

string_decoder@^1.1.1:
  version "1.3.0"
  resolved "https://registry.yarnpkg.com/string_decoder/-/string_decoder-1.3.0.tgz#42f114594a46cf1a8e30b0a84f56c78c3edac21e"
  integrity sha512-hkRX8U1WjJFd8LsDJ2yQ/wWWxaopEsABU1XfkM8A+j0+85JAGppt16cr1Whg6KIbb4okU6Mql6BOj+uup/wKeA==
  dependencies:
    safe-buffer "~5.2.0"

strip-ansi@^6.0.0, strip-ansi@^6.0.1:
  version "6.0.1"
  resolved "https://registry.yarnpkg.com/strip-ansi/-/strip-ansi-6.0.1.tgz#9e26c63d30f53443e9489495b2105d37b67a85d9"
  integrity sha512-Y38VPSHcqkFrCpFnQ9vuSXmquuv5oXOKpGeT6aGrr3o3Gc9AlVa6JBfUSOCnbxGGZF+/0ooI7KrPuUSztUdU5A==
  dependencies:
    ansi-regex "^5.0.1"

supports-color@^7.1.0:
  version "7.2.0"
  resolved "https://registry.yarnpkg.com/supports-color/-/supports-color-7.2.0.tgz#1b7dcdcb32b8138801b3e478ba6a51caa89648da"
  integrity sha512-qpCAvRl9stuOHveKsn7HncJRvv501qIacKzQlO/+Lwxc9+0q2wLyv4Dfvt80/DPn2pqOBsJdDiogXGR9+OvwRw==
  dependencies:
    has-flag "^4.0.0"

through@^2.3.6:
  version "2.3.8"
  resolved "https://registry.yarnpkg.com/through/-/through-2.3.8.tgz#0dd4c9ffaabc357960b1b724115d7e0e86a2e1f5"
  integrity sha1-DdTJ/6q8NXlgsbckEV1+Doai4fU=

tmp@^0.0.33:
  version "0.0.33"
  resolved "https://registry.yarnpkg.com/tmp/-/tmp-0.0.33.tgz#6d34335889768d21b2bcda0aa277ced3b1bfadf9"
  integrity sha512-jRCJlojKnZ3addtTOjdIqoRuPEKBvNXcGYqzO6zWZX8KfKEpnGY5jfggJQ3EjKuu8D4bJRr0y+cYJFmYbImXGw==
  dependencies:
    os-tmpdir "~1.0.2"

tr46@~0.0.3:
  version "0.0.3"
  resolved "https://registry.yarnpkg.com/tr46/-/tr46-0.0.3.tgz#8184fd347dac9cdc185992f3a6622e14b9d9ab6a"
  integrity sha1-gYT9NH2snNwYWZLzpmIuFLnZq2o=

tslib@^2.1.0:
  version "2.3.1"
  resolved "https://registry.yarnpkg.com/tslib/-/tslib-2.3.1.tgz#e8a335add5ceae51aa261d32a490158ef042ef01"
  integrity sha512-77EbyPPpMz+FRFRuAFlWMtmgUWGe9UOG2Z25NqCwiIjRhOf5iKGuzSe5P2w1laq+FkRy4p+PCuVkJSGkzTEKVw==

tweetnacl@1.x.x, tweetnacl@^1.0.3:
  version "1.0.3"
  resolved "https://registry.yarnpkg.com/tweetnacl/-/tweetnacl-1.0.3.tgz#ac0af71680458d8a6378d0d0d050ab1407d35596"
  integrity sha512-6rt+RN7aOi1nGMyC4Xa5DdYiukl2UWCbcJft7YhxReBGQD7OAM8Pbxw6YMo4r2diNEA8FEmu32YOn9rhaiE5yw==

type-fest@^0.21.3:
  version "0.21.3"
  resolved "https://registry.yarnpkg.com/type-fest/-/type-fest-0.21.3.tgz#d260a24b0198436e133fa26a524a6d65fa3b2e37"
  integrity sha512-t0rzBq87m3fVcduHDUFhKmyyX+9eo6WQjZvf51Ea/M0Q7+T374Jp1aUiyUl0GKxp8M/OETVHSDvmkyPgvX+X2w==

type@^1.0.1:
  version "1.2.0"
  resolved "https://registry.yarnpkg.com/type/-/type-1.2.0.tgz#848dd7698dafa3e54a6c479e759c4bc3f18847a0"
  integrity sha512-+5nt5AAniqsCnu2cEQQdpzCAh33kVx8n0VoFidKpB1dVVLAN/F+bgVOqOJqOnEnrhp222clB5p3vUlD+1QAnfg==

type@^2.5.0:
  version "2.5.0"
  resolved "https://registry.yarnpkg.com/type/-/type-2.5.0.tgz#0a2e78c2e77907b252abe5f298c1b01c63f0db3d"
  integrity sha512-180WMDQaIMm3+7hGXWf12GtdniDEy7nYcyFMKJn/eZz/6tSLXrUN9V0wKSbMjej0I1WHWbpREDEKHtqPQa9NNw==

typedarray-to-buffer@^3.1.5:
  version "3.1.5"
  resolved "https://registry.yarnpkg.com/typedarray-to-buffer/-/typedarray-to-buffer-3.1.5.tgz#a97ee7a9ff42691b9f783ff1bc5112fe3fca9080"
  integrity sha512-zdu8XMNEDepKKR+XYOXAVPtWui0ly0NtohUscw+UmaHiAWT8hrV1rr//H6V+0DvJ3OQ19S979M0laLfX8rm82Q==
  dependencies:
    is-typedarray "^1.0.0"

typescript@^4.4.4:
  version "4.5.5"
  resolved "https://registry.yarnpkg.com/typescript/-/typescript-4.5.5.tgz#d8c953832d28924a9e3d37c73d729c846c5896f3"
  integrity sha512-TCTIul70LyWe6IJWT8QSYeA54WQe8EjQFU4wY52Fasj5UKx88LNYKCgBEHcOMOrFF1rKGbD8v/xcNWVUq9SymA==

utf-8-validate@^5.0.2:
  version "5.0.8"
  resolved "https://registry.yarnpkg.com/utf-8-validate/-/utf-8-validate-5.0.8.tgz#4a735a61661dbb1c59a0868c397d2fe263f14e58"
  integrity sha512-k4dW/Qja1BYDl2qD4tOMB9PFVha/UJtxTc1cXYOe3WwA/2m0Yn4qB7wLMpJyLJ/7DR0XnTut3HsCSzDT4ZvKgA==
  dependencies:
    node-gyp-build "^4.3.0"

util-deprecate@^1.0.1:
  version "1.0.2"
  resolved "https://registry.yarnpkg.com/util-deprecate/-/util-deprecate-1.0.2.tgz#450d4dc9fa70de732762fbd2d4a28981419a0ccf"
  integrity sha1-RQ1Nyfpw3nMnYvvS1KKJgUGaDM8=

varint@^5.0.0:
  version "5.0.2"
  resolved "https://registry.yarnpkg.com/varint/-/varint-5.0.2.tgz#5b47f8a947eb668b848e034dcfa87d0ff8a7f7a4"
  integrity sha512-lKxKYG6H03yCZUpAGOPOsMcGxd1RHCu1iKvEHYDPmTyq2HueGhD73ssNBqqQWfvYs04G9iUFRvmAVLW20Jw6ow==

wcwidth@^1.0.1:
  version "1.0.1"
  resolved "https://registry.yarnpkg.com/wcwidth/-/wcwidth-1.0.1.tgz#f0b0dcf915bc5ff1528afadb2c0e17b532da2fe8"
  integrity sha1-8LDc+RW8X/FSivrbLA4XtTLaL+g=
  dependencies:
    defaults "^1.0.3"

webidl-conversions@^3.0.0:
  version "3.0.1"
  resolved "https://registry.yarnpkg.com/webidl-conversions/-/webidl-conversions-3.0.1.tgz#24534275e2a7bc6be7bc86611cc16ae0a5654871"
  integrity sha1-JFNCdeKnvGvnvIZhHMFq4KVlSHE=

websocket@^1.0.34:
  version "1.0.34"
  resolved "https://registry.yarnpkg.com/websocket/-/websocket-1.0.34.tgz#2bdc2602c08bf2c82253b730655c0ef7dcab3111"
  integrity sha512-PRDso2sGwF6kM75QykIesBijKSVceR6jL2G8NGYyq2XrItNC2P5/qL5XeR056GhA+Ly7JMFvJb9I312mJfmqnQ==
  dependencies:
    bufferutil "^4.0.1"
    debug "^2.2.0"
    es5-ext "^0.10.50"
    typedarray-to-buffer "^3.1.5"
    utf-8-validate "^5.0.2"
    yaeti "^0.0.6"

whatwg-url@^5.0.0:
  version "5.0.0"
  resolved "https://registry.yarnpkg.com/whatwg-url/-/whatwg-url-5.0.0.tgz#966454e8765462e37644d3626f6742ce8b70965d"
  integrity sha1-lmRU6HZUYuN2RNNib2dCzotwll0=
  dependencies:
    tr46 "~0.0.3"
    webidl-conversions "^3.0.0"

yaeti@^0.0.6:
  version "0.0.6"
  resolved "https://registry.yarnpkg.com/yaeti/-/yaeti-0.0.6.tgz#f26f484d72684cf42bedfb76970aa1608fbf9577"
  integrity sha1-8m9ITXJoTPQr7ft2lwqhYI+/lXc=
